// !$*UTF8*$!
{
	archiveVersion = 1;
	classes = {
	};
	objectVersion = 50;
	objects = {

/* Begin PBXBuildFile section */
		52366B1B223C7C0900D3B65D /* udpcliserv.cpp in Sources */ = {isa = PBXBuildFile; fileRef = 52366B1A223C7C0900D3B65D /* udpcliserv.cpp */; };
		52366B1F223C7CE900D3B65D /* dg_echo.cpp in Sources */ = {isa = PBXBuildFile; fileRef = 52366B1E223C7CE900D3B65D /* dg_echo.cpp */; };
		52366B21223C7D0300D3B65D /* dg_cli.cpp in Sources */ = {isa = PBXBuildFile; fileRef = 52366B20223C7D0300D3B65D /* dg_cli.cpp */; };
		527A10842238D44400E73607 /* main.cpp in Sources */ = {isa = PBXBuildFile; fileRef = 527A10832238D44400E73607 /* main.cpp */; };
		528C8CF922392E2C00934B7A /* tcpcliserv.cpp in Sources */ = {isa = PBXBuildFile; fileRef = 528C8CF722392E2C00934B7A /* tcpcliserv.cpp */; };
		528C8CFD2239327A00934B7A /* str_echo.cpp in Sources */ = {isa = PBXBuildFile; fileRef = 528C8CFC2239327A00934B7A /* str_echo.cpp */; };
		528C8D00223932E600934B7A /* writen.cpp in Sources */ = {isa = PBXBuildFile; fileRef = 528C8CFE223932E600934B7A /* writen.cpp */; };
		528C8D0922393B8200934B7A /* wraplib.cpp in Sources */ = {isa = PBXBuildFile; fileRef = 528C8D0822393B8200934B7A /* wraplib.cpp */; };
		528C8D182239EF3500934B7A /* wrapstdio.cpp in Sources */ = {isa = PBXBuildFile; fileRef = 528C8D142239EF3500934B7A /* wrapstdio.cpp */; };
		528C8D192239EF3500934B7A /* readline.cpp in Sources */ = {isa = PBXBuildFile; fileRef = 528C8D152239EF3500934B7A /* readline.cpp */; };
		528C8D1A2239EF3500934B7A /* readn.cpp in Sources */ = {isa = PBXBuildFile; fileRef = 528C8D162239EF3500934B7A /* readn.cpp */; };
		528C8D1B2239EF3500934B7A /* str_cli.cpp in Sources */ = {isa = PBXBuildFile; fileRef = 528C8D172239EF3500934B7A /* str_cli.cpp */; };
		528C8D1F2239F5EA00934B7A /* signal.cpp in Sources */ = {isa = PBXBuildFile; fileRef = 528C8D1E2239F5EA00934B7A /* signal.cpp */; };
		528E0B20223C83230099BAB8 /* sock_ntop.cpp in Sources */ = {isa = PBXBuildFile; fileRef = 528E0B1F223C83230099BAB8 /* sock_ntop.cpp */; };
		52AF61902238D50900B22ADD /* error.cpp in Sources */ = {isa = PBXBuildFile; fileRef = 52AF618F2238D50900B22ADD /* error.cpp */; };
		52AF61932238D51500B22ADD /* intro.cpp in Sources */ = {isa = PBXBuildFile; fileRef = 52AF61922238D51500B22ADD /* intro.cpp */; };
		52AF61972238D66D00B22ADD /* wrapsock.cpp in Sources */ = {isa = PBXBuildFile; fileRef = 52AF61962238D66D00B22ADD /* wrapsock.cpp */; };
		52AF61992238D9B400B22ADD /* wrapunix.cpp in Sources */ = {isa = PBXBuildFile; fileRef = 52AF61982238D9B400B22ADD /* wrapunix.cpp */; };
/* End PBXBuildFile section */

/* Begin PBXCopyFilesBuildPhase section */
		527A107E2238D44400E73607 /* CopyFiles */ = {
			isa = PBXCopyFilesBuildPhase;
			buildActionMask = 2147483647;
			dstPath = /usr/share/man/man1/;
			dstSubfolderSpec = 0;
			files = (
			);
			runOnlyForDeploymentPostprocessing = 1;
		};
/* End PBXCopyFilesBuildPhase section */

/* Begin PBXFileReference section */
		52366B1A223C7C0900D3B65D /* udpcliserv.cpp */ = {isa = PBXFileReference; lastKnownFileType = sourcecode.cpp.cpp; path = udpcliserv.cpp; sourceTree = "<group>"; };
		52366B1E223C7CE900D3B65D /* dg_echo.cpp */ = {isa = PBXFileReference; lastKnownFileType = sourcecode.cpp.cpp; name = dg_echo.cpp; path = lib/dg_echo.cpp; sourceTree = "<group>"; };
		52366B20223C7D0300D3B65D /* dg_cli.cpp */ = {isa = PBXFileReference; lastKnownFileType = sourcecode.cpp.cpp; name = dg_cli.cpp; path = lib/dg_cli.cpp; sourceTree = "<group>"; };
		527A10802238D44400E73607 /* srvStudy */ = {isa = PBXFileReference; explicitFileType = "compiled.mach-o.executable"; includeInIndex = 0; path = srvStudy; sourceTree = BUILT_PRODUCTS_DIR; };
		527A10832238D44400E73607 /* main.cpp */ = {isa = PBXFileReference; lastKnownFileType = sourcecode.cpp.cpp; path = main.cpp; sourceTree = "<group>"; };
		528C8CF722392E2C00934B7A /* tcpcliserv.cpp */ = {isa = PBXFileReference; lastKnownFileType = sourcecode.cpp.cpp; path = tcpcliserv.cpp; sourceTree = "<group>"; };
		528C8CFC2239327A00934B7A /* str_echo.cpp */ = {isa = PBXFileReference; fileEncoding = 4; lastKnownFileType = sourcecode.cpp.cpp; name = str_echo.cpp; path = lib/str_echo.cpp; sourceTree = "<group>"; };
		528C8CFE223932E600934B7A /* writen.cpp */ = {isa = PBXFileReference; lastKnownFileType = sourcecode.cpp.cpp; name = writen.cpp; path = lib/writen.cpp; sourceTree = "<group>"; };
		528C8D0822393B8200934B7A /* wraplib.cpp */ = {isa = PBXFileReference; lastKnownFileType = sourcecode.cpp.cpp; name = wraplib.cpp; path = lib/wraplib.cpp; sourceTree = "<group>"; };
		528C8D142239EF3500934B7A /* wrapstdio.cpp */ = {isa = PBXFileReference; fileEncoding = 4; lastKnownFileType = sourcecode.cpp.cpp; name = wrapstdio.cpp; path = lib/wrapstdio.cpp; sourceTree = "<group>"; };
		528C8D152239EF3500934B7A /* readline.cpp */ = {isa = PBXFileReference; fileEncoding = 4; lastKnownFileType = sourcecode.cpp.cpp; name = readline.cpp; path = lib/readline.cpp; sourceTree = "<group>"; };
		528C8D162239EF3500934B7A /* readn.cpp */ = {isa = PBXFileReference; fileEncoding = 4; lastKnownFileType = sourcecode.cpp.cpp; name = readn.cpp; path = lib/readn.cpp; sourceTree = "<group>"; };
		528C8D172239EF3500934B7A /* str_cli.cpp */ = {isa = PBXFileReference; fileEncoding = 4; lastKnownFileType = sourcecode.cpp.cpp; name = str_cli.cpp; path = lib/str_cli.cpp; sourceTree = "<group>"; };
		528C8D1E2239F5EA00934B7A /* signal.cpp */ = {isa = PBXFileReference; fileEncoding = 4; lastKnownFileType = sourcecode.cpp.cpp; name = signal.cpp; path = lib/signal.cpp; sourceTree = "<group>"; };
		528E0B1F223C83230099BAB8 /* sock_ntop.cpp */ = {isa = PBXFileReference; lastKnownFileType = sourcecode.cpp.cpp; name = sock_ntop.cpp; path = lib/sock_ntop.cpp; sourceTree = "<group>"; };
		52AF618E2238D50900B22ADD /* lib.h */ = {isa = PBXFileReference; fileEncoding = 4; lastKnownFileType = sourcecode.c.h; name = lib.h; path = lib/lib.h; sourceTree = "<group>"; };
		52AF618F2238D50900B22ADD /* error.cpp */ = {isa = PBXFileReference; fileEncoding = 4; lastKnownFileType = sourcecode.cpp.cpp; name = error.cpp; path = lib/error.cpp; sourceTree = "<group>"; };
		52AF61912238D51500B22ADD /* header.h */ = {isa = PBXFileReference; fileEncoding = 4; lastKnownFileType = sourcecode.c.h; path = header.h; sourceTree = "<group>"; };
		52AF61922238D51500B22ADD /* intro.cpp */ = {isa = PBXFileReference; fileEncoding = 4; lastKnownFileType = sourcecode.cpp.cpp; path = intro.cpp; sourceTree = "<group>"; };
		52AF61962238D66D00B22ADD /* wrapsock.cpp */ = {isa = PBXFileReference; fileEncoding = 4; lastKnownFileType = sourcecode.cpp.cpp; name = wrapsock.cpp; path = lib/wrapsock.cpp; sourceTree = "<group>"; };
		52AF61982238D9B400B22ADD /* wrapunix.cpp */ = {isa = PBXFileReference; lastKnownFileType = sourcecode.cpp.cpp; name = wrapunix.cpp; path = lib/wrapunix.cpp; sourceTree = "<group>"; };
/* End PBXFileReference section */

/* Begin PBXFrameworksBuildPhase section */
		527A107D2238D44400E73607 /* Frameworks */ = {
			isa = PBXFrameworksBuildPhase;
			buildActionMask = 2147483647;
			files = (
			);
			runOnlyForDeploymentPostprocessing = 0;
		};
/* End PBXFrameworksBuildPhase section */

/* Begin PBXGroup section */
		527A10772238D44400E73607 = {
			isa = PBXGroup;
			children = (
				52AF618D2238D4FE00B22ADD /* lib */,
				527A10822238D44400E73607 /* srvStudy */,
				527A10812238D44400E73607 /* Products */,
			);
			sourceTree = "<group>";
		};
		527A10812238D44400E73607 /* Products */ = {
			isa = PBXGroup;
			children = (
				527A10802238D44400E73607 /* srvStudy */,
			);
			name = Products;
			sourceTree = "<group>";
		};
		527A10822238D44400E73607 /* srvStudy */ = {
			isa = PBXGroup;
			children = (
				52AF61922238D51500B22ADD /* intro.cpp */,
				52AF61912238D51500B22ADD /* header.h */,
				527A10832238D44400E73607 /* main.cpp */,
				528C8CF722392E2C00934B7A /* tcpcliserv.cpp */,
				52366B1A223C7C0900D3B65D /* udpcliserv.cpp */,
			);
			path = srvStudy;
			sourceTree = "<group>";
		};
		52AF618D2238D4FE00B22ADD /* lib */ = {
			isa = PBXGroup;
			children = (
				528C8D1E2239F5EA00934B7A /* signal.cpp */,
				528C8D152239EF3500934B7A /* readline.cpp */,
				528C8D162239EF3500934B7A /* readn.cpp */,
				528C8D172239EF3500934B7A /* str_cli.cpp */,
				528C8D142239EF3500934B7A /* wrapstdio.cpp */,
				528C8CFC2239327A00934B7A /* str_echo.cpp */,
				52AF61962238D66D00B22ADD /* wrapsock.cpp */,
				52AF618F2238D50900B22ADD /* error.cpp */,
				52AF618E2238D50900B22ADD /* lib.h */,
				52AF61982238D9B400B22ADD /* wrapunix.cpp */,
				528C8CFE223932E600934B7A /* writen.cpp */,
				528C8D0822393B8200934B7A /* wraplib.cpp */,
				52366B1E223C7CE900D3B65D /* dg_echo.cpp */,
				52366B20223C7D0300D3B65D /* dg_cli.cpp */,
				528E0B1F223C83230099BAB8 /* sock_ntop.cpp */,
			);
			name = lib;
			sourceTree = "<group>";
		};
/* End PBXGroup section */

/* Begin PBXNativeTarget section */
		527A107F2238D44400E73607 /* srvStudy */ = {
			isa = PBXNativeTarget;
			buildConfigurationList = 527A10872238D44400E73607 /* Build configuration list for PBXNativeTarget "srvStudy" */;
			buildPhases = (
				527A107C2238D44400E73607 /* Sources */,
				527A107D2238D44400E73607 /* Frameworks */,
				527A107E2238D44400E73607 /* CopyFiles */,
			);
			buildRules = (
			);
			dependencies = (
			);
			name = srvStudy;
			productName = srvStudy;
			productReference = 527A10802238D44400E73607 /* srvStudy */;
			productType = "com.apple.product-type.tool";
		};
/* End PBXNativeTarget section */

/* Begin PBXProject section */
		527A10782238D44400E73607 /* Project object */ = {
			isa = PBXProject;
			attributes = {
				LastUpgradeCheck = 1010;
				ORGANIZATIONNAME = John;
				TargetAttributes = {
					527A107F2238D44400E73607 = {
						CreatedOnToolsVersion = 10.1;
					};
				};
			};
			buildConfigurationList = 527A107B2238D44400E73607 /* Build configuration list for PBXProject "srvStudy" */;
			compatibilityVersion = "Xcode 9.3";
			developmentRegion = en;
			hasScannedForEncodings = 0;
			knownRegions = (
				en,
			);
			mainGroup = 527A10772238D44400E73607;
			productRefGroup = 527A10812238D44400E73607 /* Products */;
			projectDirPath = "";
			projectRoot = "";
			targets = (
				527A107F2238D44400E73607 /* srvStudy */,
			);
		};
/* End PBXProject section */

/* Begin PBXSourcesBuildPhase section */
		527A107C2238D44400E73607 /* Sources */ = {
			isa = PBXSourcesBuildPhase;
			buildActionMask = 2147483647;
			files = (
				52AF61902238D50900B22ADD /* error.cpp in Sources */,
				52366B1B223C7C0900D3B65D /* udpcliserv.cpp in Sources */,
				527A10842238D44400E73607 /* main.cpp in Sources */,
				52AF61932238D51500B22ADD /* intro.cpp in Sources */,
				528C8CFD2239327A00934B7A /* str_echo.cpp in Sources */,
				52366B1F223C7CE900D3B65D /* dg_echo.cpp in Sources */,
				528C8D1A2239EF3500934B7A /* readn.cpp in Sources */,
				528C8D192239EF3500934B7A /* readline.cpp in Sources */,
				528E0B20223C83230099BAB8 /* sock_ntop.cpp in Sources */,
				528C8D00223932E600934B7A /* writen.cpp in Sources */,
				528C8D182239EF3500934B7A /* wrapstdio.cpp in Sources */,
				52AF61992238D9B400B22ADD /* wrapunix.cpp in Sources */,
				528C8D1F2239F5EA00934B7A /* signal.cpp in Sources */,
				528C8CF922392E2C00934B7A /* tcpcliserv.cpp in Sources */,
				528C8D1B2239EF3500934B7A /* str_cli.cpp in Sources */,
				52AF61972238D66D00B22ADD /* wrapsock.cpp in Sources */,
				528C8D0922393B8200934B7A /* wraplib.cpp in Sources */,
				52366B21223C7D0300D3B65D /* dg_cli.cpp in Sources */,
			);
			runOnlyForDeploymentPostprocessing = 0;
		};
/* End PBXSourcesBuildPhase section */

/* Begin XCBuildConfiguration section */
		527A10852238D44400E73607 /* Debug */ = {
			isa = XCBuildConfiguration;
			buildSettings = {
				ALWAYS_SEARCH_USER_PATHS = NO;
				CLANG_ANALYZER_NONNULL = YES;
				CLANG_ANALYZER_NUMBER_OBJECT_CONVERSION = YES_AGGRESSIVE;
				CLANG_CXX_LANGUAGE_STANDARD = "gnu++14";
				CLANG_CXX_LIBRARY = "libc++";
				CLANG_ENABLE_MODULES = YES;
				CLANG_ENABLE_OBJC_ARC = YES;
				CLANG_ENABLE_OBJC_WEAK = YES;
				CLANG_WARN_BLOCK_CAPTURE_AUTORELEASING = YES;
				CLANG_WARN_BOOL_CONVERSION = YES;
				CLANG_WARN_COMMA = YES;
				CLANG_WARN_CONSTANT_CONVERSION = YES;
				CLANG_WARN_DEPRECATED_OBJC_IMPLEMENTATIONS = YES;
				CLANG_WARN_DIRECT_OBJC_ISA_USAGE = YES_ERROR;
				CLANG_WARN_DOCUMENTATION_COMMENTS = YES;
				CLANG_WARN_EMPTY_BODY = YES;
				CLANG_WARN_ENUM_CONVERSION = YES;
				CLANG_WARN_INFINITE_RECURSION = YES;
				CLANG_WARN_INT_CONVERSION = YES;
				CLANG_WARN_NON_LITERAL_NULL_CONVERSION = YES;
				CLANG_WARN_OBJC_IMPLICIT_RETAIN_SELF = YES;
				CLANG_WARN_OBJC_LITERAL_CONVERSION = YES;
				CLANG_WARN_OBJC_ROOT_CLASS = YES_ERROR;
				CLANG_WARN_RANGE_LOOP_ANALYSIS = YES;
				CLANG_WARN_STRICT_PROTOTYPES = YES;
				CLANG_WARN_SUSPICIOUS_MOVE = YES;
				CLANG_WARN_UNGUARDED_AVAILABILITY = YES_AGGRESSIVE;
				CLANG_WARN_UNREACHABLE_CODE = YES;
				CLANG_WARN__DUPLICATE_METHOD_MATCH = YES;
				CODE_SIGN_IDENTITY = "-";
				COPY_PHASE_STRIP = NO;
				DEBUG_INFORMATION_FORMAT = dwarf;
				ENABLE_STRICT_OBJC_MSGSEND = YES;
				ENABLE_TESTABILITY = YES;
				GCC_C_LANGUAGE_STANDARD = gnu11;
				GCC_DYNAMIC_NO_PIC = NO;
				GCC_NO_COMMON_BLOCKS = YES;
				GCC_OPTIMIZATION_LEVEL = 0;
				GCC_PREPROCESSOR_DEFINITIONS = (
					"DEBUG=1",
					"$(inherited)",
				);
				GCC_WARN_64_TO_32_BIT_CONVERSION = YES;
				GCC_WARN_ABOUT_RETURN_TYPE = YES_ERROR;
				GCC_WARN_UNDECLARED_SELECTOR = YES;
				GCC_WARN_UNINITIALIZED_AUTOS = YES_AGGRESSIVE;
				GCC_WARN_UNUSED_FUNCTION = YES;
				GCC_WARN_UNUSED_VARIABLE = YES;
				MACOSX_DEPLOYMENT_TARGET = 10.14;
				MTL_ENABLE_DEBUG_INFO = INCLUDE_SOURCE;
				MTL_FAST_MATH = YES;
				ONLY_ACTIVE_ARCH = YES;
				SDKROOT = macosx;
			};
			name = Debug;
		};
		527A10862238D44400E73607 /* Release */ = {
			isa = XCBuildConfiguration;
			buildSettings = {
				ALWAYS_SEARCH_USER_PATHS = NO;
				CLANG_ANALYZER_NONNULL = YES;
				CLANG_ANALYZER_NUMBER_OBJECT_CONVERSION = YES_AGGRESSIVE;
				CLANG_CXX_LANGUAGE_STANDARD = "gnu++14";
				CLANG_CXX_LIBRARY = "libc++";
				CLANG_ENABLE_MODULES = YES;
				CLANG_ENABLE_OBJC_ARC = YES;
				CLANG_ENABLE_OBJC_WEAK = YES;
				CLANG_WARN_BLOCK_CAPTURE_AUTORELEASING = YES;
				CLANG_WARN_BOOL_CONVERSION = YES;
				CLANG_WARN_COMMA = YES;
				CLANG_WARN_CONSTANT_CONVERSION = YES;
				CLANG_WARN_DEPRECATED_OBJC_IMPLEMENTATIONS = YES;
				CLANG_WARN_DIRECT_OBJC_ISA_USAGE = YES_ERROR;
				CLANG_WARN_DOCUMENTATION_COMMENTS = YES;
				CLANG_WARN_EMPTY_BODY = YES;
				CLANG_WARN_ENUM_CONVERSION = YES;
				CLANG_WARN_INFINITE_RECURSION = YES;
				CLANG_WARN_INT_CONVERSION = YES;
				CLANG_WARN_NON_LITERAL_NULL_CONVERSION = YES;
				CLANG_WARN_OBJC_IMPLICIT_RETAIN_SELF = YES;
				CLANG_WARN_OBJC_LITERAL_CONVERSION = YES;
				CLANG_WARN_OBJC_ROOT_CLASS = YES_ERROR;
				CLANG_WARN_RANGE_LOOP_ANALYSIS = YES;
				CLANG_WARN_STRICT_PROTOTYPES = YES;
				CLANG_WARN_SUSPICIOUS_MOVE = YES;
				CLANG_WARN_UNGUARDED_AVAILABILITY = YES_AGGRESSIVE;
				CLANG_WARN_UNREACHABLE_CODE = YES;
				CLANG_WARN__DUPLICATE_METHOD_MATCH = YES;
				CODE_SIGN_IDENTITY = "-";
				COPY_PHASE_STRIP = NO;
				DEBUG_INFORMATION_FORMAT = "dwarf-with-dsym";
				ENABLE_NS_ASSERTIONS = NO;
				ENABLE_STRICT_OBJC_MSGSEND = YES;
				GCC_C_LANGUAGE_STANDARD = gnu11;
				GCC_NO_COMMON_BLOCKS = YES;
				GCC_WARN_64_TO_32_BIT_CONVERSION = YES;
				GCC_WARN_ABOUT_RETURN_TYPE = YES_ERROR;
				GCC_WARN_UNDECLARED_SELECTOR = YES;
				GCC_WARN_UNINITIALIZED_AUTOS = YES_AGGRESSIVE;
				GCC_WARN_UNUSED_FUNCTION = YES;
				GCC_WARN_UNUSED_VARIABLE = YES;
				MACOSX_DEPLOYMENT_TARGET = 10.14;
				MTL_ENABLE_DEBUG_INFO = NO;
				MTL_FAST_MATH = YES;
				SDKROOT = macosx;
			};
			name = Release;
		};
		527A10882238D44400E73607 /* Debug */ = {
			isa = XCBuildConfiguration;
			buildSettings = {
				CODE_SIGN_STYLE = Automatic;
				PRODUCT_NAME = "$(TARGET_NAME)";
			};
			name = Debug;
		};
		527A10892238D44400E73607 /* Release */ = {
			isa = XCBuildConfiguration;
			buildSettings = {
				CODE_SIGN_STYLE = Automatic;
				PRODUCT_NAME = "$(TARGET_NAME)";
			};
			name = Release;
		};
/* End XCBuildConfiguration section */

/* Begin XCConfigurationList section */
		527A107B2238D44400E73607 /* Build configuration list for PBXProject "srvStudy" */ = {
			isa = XCConfigurationList;
			buildConfigurations = (
				527A10852238D44400E73607 /* Debug */,
				527A10862238D44400E73607 /* Release */,
			);
			defaultConfigurationIsVisible = 0;
			defaultConfigurationName = Release;
		};
		527A10872238D44400E73607 /* Build configuration list for PBXNativeTarget "srvStudy" */ = {
			isa = XCConfigurationList;
			buildConfigurations = (
				527A10882238D44400E73607 /* Debug */,
				527A10892238D44400E73607 /* Release */,
			);
			defaultConfigurationIsVisible = 0;
			defaultConfigurationName = Release;
		};
/* End XCConfigurationList section */
	};
	rootObject = 527A10782238D44400E73607 /* Project object */;
}
