// !$*UTF8*$!
{
	archiveVersion = 1;
	classes = {
	};
	objectVersion = 50;
	objects = {

/* Begin PBXBuildFile section */
		52366B19223C7BED00D3B65D /* udpcliserv.cpp in Sources */ = {isa = PBXBuildFile; fileRef = 52366B18223C7BED00D3B65D /* udpcliserv.cpp */; };
		52366B24223C7D1F00D3B65D /* dg_echo.cpp in Sources */ = {isa = PBXBuildFile; fileRef = 52366B22223C7D1E00D3B65D /* dg_echo.cpp */; };
		52366B25223C7D1F00D3B65D /* dg_cli.cpp in Sources */ = {isa = PBXBuildFile; fileRef = 52366B23223C7D1E00D3B65D /* dg_cli.cpp */; };
		527A10712238D43300E73607 /* main.cpp in Sources */ = {isa = PBXBuildFile; fileRef = 527A10702238D43300E73607 /* main.cpp */; };
		52803F01223B2733004D6347 /* select.cpp in Sources */ = {isa = PBXBuildFile; fileRef = 52803F00223B2733004D6347 /* select.cpp */; };
		528C8D032239368800934B7A /* str_echo.cpp in Sources */ = {isa = PBXBuildFile; fileRef = 528C8D012239368800934B7A /* str_echo.cpp */; };
		528C8D042239368800934B7A /* writen.cpp in Sources */ = {isa = PBXBuildFile; fileRef = 528C8D022239368800934B7A /* writen.cpp */; };
		528C8D072239373E00934B7A /* tcpcliserv.cpp in Sources */ = {isa = PBXBuildFile; fileRef = 528C8D052239373E00934B7A /* tcpcliserv.cpp */; };
		528C8D0B22393C3900934B7A /* wraplib.cpp in Sources */ = {isa = PBXBuildFile; fileRef = 528C8D0A22393C3900934B7A /* wraplib.cpp */; };
		528C8D0D22393CF400934B7A /* str_cli.cpp in Sources */ = {isa = PBXBuildFile; fileRef = 528C8D0C22393CF400934B7A /* str_cli.cpp */; };
		528C8D0F22393D4700934B7A /* wrapstdio.cpp in Sources */ = {isa = PBXBuildFile; fileRef = 528C8D0E22393D4700934B7A /* wrapstdio.cpp */; };
		528C8D112239EE2900934B7A /* readn.cpp in Sources */ = {isa = PBXBuildFile; fileRef = 528C8D102239EE2900934B7A /* readn.cpp */; };
		528C8D132239EE4200934B7A /* readline.cpp in Sources */ = {isa = PBXBuildFile; fileRef = 528C8D122239EE4200934B7A /* readline.cpp */; };
		528C8D1D2239F5C400934B7A /* signal.cpp in Sources */ = {isa = PBXBuildFile; fileRef = 528C8D1C2239F5C400934B7A /* signal.cpp */; };
		528E0B22223C83A10099BAB8 /* sock_ntop.cpp in Sources */ = {isa = PBXBuildFile; fileRef = 528E0B21223C83A10099BAB8 /* sock_ntop.cpp */; };
		5292189E223B8C41001F3659 /* sockopt.cpp in Sources */ = {isa = PBXBuildFile; fileRef = 5292189D223B8C41001F3659 /* sockopt.cpp */; };
		52AF61892238D48500B22ADD /* error.cpp in Sources */ = {isa = PBXBuildFile; fileRef = 52AF61882238D48500B22ADD /* error.cpp */; };
		52AF618C2238D48F00B22ADD /* intro.cpp in Sources */ = {isa = PBXBuildFile; fileRef = 52AF618A2238D48F00B22ADD /* intro.cpp */; };
		52AF61952238D61900B22ADD /* wrapsock.cpp in Sources */ = {isa = PBXBuildFile; fileRef = 52AF61942238D61900B22ADD /* wrapsock.cpp */; };
		52AF619B2238DA1A00B22ADD /* wrapunix.cpp in Sources */ = {isa = PBXBuildFile; fileRef = 52AF619A2238DA1A00B22ADD /* wrapunix.cpp */; };
/* End PBXBuildFile section */

/* Begin PBXCopyFilesBuildPhase section */
		527A106B2238D43300E73607 /* CopyFiles */ = {
			isa = PBXCopyFilesBuildPhase;
			buildActionMask = 2147483647;
			dstPath = /usr/share/man/man1/;
			dstSubfolderSpec = 0;
			files = (
			);
			runOnlyForDeploymentPostprocessing = 1;
		};
/* End PBXCopyFilesBuildPhase section */

/* Begin PBXFileReference section */
		52366B18223C7BED00D3B65D /* udpcliserv.cpp */ = {isa = PBXFileReference; lastKnownFileType = sourcecode.cpp.cpp; path = udpcliserv.cpp; sourceTree = "<group>"; };
		52366B22223C7D1E00D3B65D /* dg_echo.cpp */ = {isa = PBXFileReference; fileEncoding = 4; lastKnownFileType = sourcecode.cpp.cpp; name = dg_echo.cpp; path = lib/dg_echo.cpp; sourceTree = SOURCE_ROOT; };
		52366B23223C7D1E00D3B65D /* dg_cli.cpp */ = {isa = PBXFileReference; fileEncoding = 4; lastKnownFileType = sourcecode.cpp.cpp; name = dg_cli.cpp; path = lib/dg_cli.cpp; sourceTree = SOURCE_ROOT; };
		527A106D2238D43300E73607 /* cliStudy */ = {isa = PBXFileReference; explicitFileType = "compiled.mach-o.executable"; includeInIndex = 0; path = cliStudy; sourceTree = BUILT_PRODUCTS_DIR; };
		527A10702238D43300E73607 /* main.cpp */ = {isa = PBXFileReference; lastKnownFileType = sourcecode.cpp.cpp; path = main.cpp; sourceTree = "<group>"; };
		52803F00223B2733004D6347 /* select.cpp */ = {isa = PBXFileReference; lastKnownFileType = sourcecode.cpp.cpp; path = select.cpp; sourceTree = "<group>"; };
		528C8D012239368800934B7A /* str_echo.cpp */ = {isa = PBXFileReference; fileEncoding = 4; lastKnownFileType = sourcecode.cpp.cpp; name = str_echo.cpp; path = lib/str_echo.cpp; sourceTree = SOURCE_ROOT; };
		528C8D022239368800934B7A /* writen.cpp */ = {isa = PBXFileReference; fileEncoding = 4; lastKnownFileType = sourcecode.cpp.cpp; name = writen.cpp; path = lib/writen.cpp; sourceTree = SOURCE_ROOT; };
		528C8D052239373E00934B7A /* tcpcliserv.cpp */ = {isa = PBXFileReference; fileEncoding = 4; lastKnownFileType = sourcecode.cpp.cpp; path = tcpcliserv.cpp; sourceTree = "<group>"; };
		528C8D062239373E00934B7A /* header.h */ = {isa = PBXFileReference; fileEncoding = 4; lastKnownFileType = sourcecode.c.h; path = header.h; sourceTree = "<group>"; };
		528C8D0A22393C3900934B7A /* wraplib.cpp */ = {isa = PBXFileReference; fileEncoding = 4; lastKnownFileType = sourcecode.cpp.cpp; name = wraplib.cpp; path = lib/wraplib.cpp; sourceTree = SOURCE_ROOT; };
		528C8D0C22393CF400934B7A /* str_cli.cpp */ = {isa = PBXFileReference; lastKnownFileType = sourcecode.cpp.cpp; name = str_cli.cpp; path = lib/str_cli.cpp; sourceTree = SOURCE_ROOT; };
		528C8D0E22393D4700934B7A /* wrapstdio.cpp */ = {isa = PBXFileReference; lastKnownFileType = sourcecode.cpp.cpp; name = wrapstdio.cpp; path = lib/wrapstdio.cpp; sourceTree = SOURCE_ROOT; };
		528C8D102239EE2900934B7A /* readn.cpp */ = {isa = PBXFileReference; lastKnownFileType = sourcecode.cpp.cpp; name = readn.cpp; path = lib/readn.cpp; sourceTree = SOURCE_ROOT; };
		528C8D122239EE4200934B7A /* readline.cpp */ = {isa = PBXFileReference; lastKnownFileType = sourcecode.cpp.cpp; name = readline.cpp; path = lib/readline.cpp; sourceTree = SOURCE_ROOT; };
		528C8D1C2239F5C400934B7A /* signal.cpp */ = {isa = PBXFileReference; lastKnownFileType = sourcecode.cpp.cpp; name = signal.cpp; path = lib/signal.cpp; sourceTree = SOURCE_ROOT; };
		528E0B21223C83A10099BAB8 /* sock_ntop.cpp */ = {isa = PBXFileReference; fileEncoding = 4; lastKnownFileType = sourcecode.cpp.cpp; name = sock_ntop.cpp; path = lib/sock_ntop.cpp; sourceTree = SOURCE_ROOT; };
		5292189D223B8C41001F3659 /* sockopt.cpp */ = {isa = PBXFileReference; lastKnownFileType = sourcecode.cpp.cpp; path = sockopt.cpp; sourceTree = "<group>"; };
		52AF61872238D48500B22ADD /* lib.h */ = {isa = PBXFileReference; fileEncoding = 4; lastKnownFileType = sourcecode.c.h; name = lib.h; path = lib/lib.h; sourceTree = SOURCE_ROOT; };
		52AF61882238D48500B22ADD /* error.cpp */ = {isa = PBXFileReference; fileEncoding = 4; lastKnownFileType = sourcecode.cpp.cpp; name = error.cpp; path = lib/error.cpp; sourceTree = SOURCE_ROOT; };
		52AF618A2238D48F00B22ADD /* intro.cpp */ = {isa = PBXFileReference; fileEncoding = 4; lastKnownFileType = sourcecode.cpp.cpp; path = intro.cpp; sourceTree = "<group>"; };
		52AF61942238D61900B22ADD /* wrapsock.cpp */ = {isa = PBXFileReference; lastKnownFileType = sourcecode.cpp.cpp; name = wrapsock.cpp; path = lib/wrapsock.cpp; sourceTree = SOURCE_ROOT; };
		52AF619A2238DA1A00B22ADD /* wrapunix.cpp */ = {isa = PBXFileReference; fileEncoding = 4; lastKnownFileType = sourcecode.cpp.cpp; name = wrapunix.cpp; path = lib/wrapunix.cpp; sourceTree = SOURCE_ROOT; };
/* End PBXFileReference section */

/* Begin PBXFrameworksBuildPhase section */
		527A106A2238D43300E73607 /* Frameworks */ = {
			isa = PBXFrameworksBuildPhase;
			buildActionMask = 2147483647;
			files = (
			);
			runOnlyForDeploymentPostprocessing = 0;
		};
/* End PBXFrameworksBuildPhase section */

/* Begin PBXGroup section */
		527A10642238D43300E73607 = {
			isa = PBXGroup;
			children = (
				52AF61862238D47500B22ADD /* lib */,
				527A106F2238D43300E73607 /* cliStudy */,
				527A106E2238D43300E73607 /* Products */,
			);
			sourceTree = "<group>";
		};
		527A106E2238D43300E73607 /* Products */ = {
			isa = PBXGroup;
			children = (
				527A106D2238D43300E73607 /* cliStudy */,
			);
			name = Products;
			sourceTree = "<group>";
		};
		527A106F2238D43300E73607 /* cliStudy */ = {
			isa = PBXGroup;
			children = (
				528C8D062239373E00934B7A /* header.h */,
				528C8D052239373E00934B7A /* tcpcliserv.cpp */,
				52AF618A2238D48F00B22ADD /* intro.cpp */,
				527A10702238D43300E73607 /* main.cpp */,
				52803F00223B2733004D6347 /* select.cpp */,
				5292189D223B8C41001F3659 /* sockopt.cpp */,
				52366B18223C7BED00D3B65D /* udpcliserv.cpp */,
			);
			path = cliStudy;
			sourceTree = "<group>";
		};
		52AF61862238D47500B22ADD /* lib */ = {
			isa = PBXGroup;
			children = (
				528E0B21223C83A10099BAB8 /* sock_ntop.cpp */,
				52366B23223C7D1E00D3B65D /* dg_cli.cpp */,
				52366B22223C7D1E00D3B65D /* dg_echo.cpp */,
				528C8D0A22393C3900934B7A /* wraplib.cpp */,
				528C8D012239368800934B7A /* str_echo.cpp */,
				528C8D022239368800934B7A /* writen.cpp */,
				52AF619A2238DA1A00B22ADD /* wrapunix.cpp */,
				52AF61882238D48500B22ADD /* error.cpp */,
				52AF61872238D48500B22ADD /* lib.h */,
				52AF61942238D61900B22ADD /* wrapsock.cpp */,
				528C8D0C22393CF400934B7A /* str_cli.cpp */,
				528C8D0E22393D4700934B7A /* wrapstdio.cpp */,
				528C8D102239EE2900934B7A /* readn.cpp */,
				528C8D122239EE4200934B7A /* readline.cpp */,
				528C8D1C2239F5C400934B7A /* signal.cpp */,
			);
			name = lib;
			path = "New Group";
			sourceTree = "<group>";
		};
/* End PBXGroup section */

/* Begin PBXNativeTarget section */
		527A106C2238D43300E73607 /* cliStudy */ = {
			isa = PBXNativeTarget;
			buildConfigurationList = 527A10742238D43300E73607 /* Build configuration list for PBXNativeTarget "cliStudy" */;
			buildPhases = (
				527A10692238D43300E73607 /* Sources */,
				527A106A2238D43300E73607 /* Frameworks */,
				527A106B2238D43300E73607 /* CopyFiles */,
			);
			buildRules = (
			);
			dependencies = (
			);
			name = cliStudy;
			productName = cliStudy;
			productReference = 527A106D2238D43300E73607 /* cliStudy */;
			productType = "com.apple.product-type.tool";
		};
/* End PBXNativeTarget section */

/* Begin PBXProject section */
		527A10652238D43300E73607 /* Project object */ = {
			isa = PBXProject;
			attributes = {
				LastUpgradeCheck = 1010;
				ORGANIZATIONNAME = John;
				TargetAttributes = {
					527A106C2238D43300E73607 = {
						CreatedOnToolsVersion = 10.1;
					};
				};
			};
			buildConfigurationList = 527A10682238D43300E73607 /* Build configuration list for PBXProject "cliStudy" */;
			compatibilityVersion = "Xcode 9.3";
			developmentRegion = en;
			hasScannedForEncodings = 0;
			knownRegions = (
				en,
			);
			mainGroup = 527A10642238D43300E73607;
			productRefGroup = 527A106E2238D43300E73607 /* Products */;
			projectDirPath = "";
			projectRoot = "";
			targets = (
				527A106C2238D43300E73607 /* cliStudy */,
			);
		};
/* End PBXProject section */

/* Begin PBXSourcesBuildPhase section */
		527A10692238D43300E73607 /* Sources */ = {
			isa = PBXSourcesBuildPhase;
			buildActionMask = 2147483647;
			files = (
				528C8D0F22393D4700934B7A /* wrapstdio.cpp in Sources */,
				528C8D0D22393CF400934B7A /* str_cli.cpp in Sources */,
				52366B25223C7D1F00D3B65D /* dg_cli.cpp in Sources */,
				52AF61892238D48500B22ADD /* error.cpp in Sources */,
				527A10712238D43300E73607 /* main.cpp in Sources */,
				528C8D112239EE2900934B7A /* readn.cpp in Sources */,
				52366B24223C7D1F00D3B65D /* dg_echo.cpp in Sources */,
				528C8D042239368800934B7A /* writen.cpp in Sources */,
				528C8D032239368800934B7A /* str_echo.cpp in Sources */,
				52AF618C2238D48F00B22ADD /* intro.cpp in Sources */,
				528C8D132239EE4200934B7A /* readline.cpp in Sources */,
				52803F01223B2733004D6347 /* select.cpp in Sources */,
				528C8D1D2239F5C400934B7A /* signal.cpp in Sources */,
				52AF619B2238DA1A00B22ADD /* wrapunix.cpp in Sources */,
				528E0B22223C83A10099BAB8 /* sock_ntop.cpp in Sources */,
				528C8D072239373E00934B7A /* tcpcliserv.cpp in Sources */,
				52AF61952238D61900B22ADD /* wrapsock.cpp in Sources */,
				528C8D0B22393C3900934B7A /* wraplib.cpp in Sources */,
				5292189E223B8C41001F3659 /* sockopt.cpp in Sources */,
				52366B19223C7BED00D3B65D /* udpcliserv.cpp in Sources */,
			);
			runOnlyForDeploymentPostprocessing = 0;
		};
/* End PBXSourcesBuildPhase section */

/* Begin XCBuildConfiguration section */
		527A10722238D43300E73607 /* Debug */ = {
			isa = XCBuildConfiguration;
			buildSettings = {
				ALWAYS_SEARCH_USER_PATHS = NO;
				CLANG_ANALYZER_NONNULL = YES;
				CLANG_ANALYZER_NUMBER_OBJECT_CONVERSION = YES_AGGRESSIVE;
				CLANG_CXX_LANGUAGE_STANDARD = "gnu++14";
				CLANG_CXX_LIBRARY = "libc++";
				CLANG_ENABLE_MODULES = YES;
				CLANG_ENABLE_OBJC_ARC = YES;
				CLANG_ENABLE_OBJC_WEAK = YES;
				CLANG_WARN_BLOCK_CAPTURE_AUTORELEASING = YES;
				CLANG_WARN_BOOL_CONVERSION = YES;
				CLANG_WARN_COMMA = YES;
				CLANG_WARN_CONSTANT_CONVERSION = YES;
				CLANG_WARN_DEPRECATED_OBJC_IMPLEMENTATIONS = YES;
				CLANG_WARN_DIRECT_OBJC_ISA_USAGE = YES_ERROR;
				CLANG_WARN_DOCUMENTATION_COMMENTS = YES;
				CLANG_WARN_EMPTY_BODY = YES;
				CLANG_WARN_ENUM_CONVERSION = YES;
				CLANG_WARN_INFINITE_RECURSION = YES;
				CLANG_WARN_INT_CONVERSION = YES;
				CLANG_WARN_NON_LITERAL_NULL_CONVERSION = YES;
				CLANG_WARN_OBJC_IMPLICIT_RETAIN_SELF = YES;
				CLANG_WARN_OBJC_LITERAL_CONVERSION = YES;
				CLANG_WARN_OBJC_ROOT_CLASS = YES_ERROR;
				CLANG_WARN_RANGE_LOOP_ANALYSIS = YES;
				CLANG_WARN_STRICT_PROTOTYPES = YES;
				CLANG_WARN_SUSPICIOUS_MOVE = YES;
				CLANG_WARN_UNGUARDED_AVAILABILITY = YES_AGGRESSIVE;
				CLANG_WARN_UNREACHABLE_CODE = YES;
				CLANG_WARN__DUPLICATE_METHOD_MATCH = YES;
				CODE_SIGN_IDENTITY = "-";
				COPY_PHASE_STRIP = NO;
				DEBUG_INFORMATION_FORMAT = dwarf;
				ENABLE_STRICT_OBJC_MSGSEND = YES;
				ENABLE_TESTABILITY = YES;
				GCC_C_LANGUAGE_STANDARD = gnu11;
				GCC_DYNAMIC_NO_PIC = NO;
				GCC_NO_COMMON_BLOCKS = YES;
				GCC_OPTIMIZATION_LEVEL = 0;
				GCC_PREPROCESSOR_DEFINITIONS = (
					"DEBUG=1",
					"$(inherited)",
				);
				GCC_WARN_64_TO_32_BIT_CONVERSION = YES;
				GCC_WARN_ABOUT_RETURN_TYPE = YES_ERROR;
				GCC_WARN_UNDECLARED_SELECTOR = YES;
				GCC_WARN_UNINITIALIZED_AUTOS = YES_AGGRESSIVE;
				GCC_WARN_UNUSED_FUNCTION = YES;
				GCC_WARN_UNUSED_VARIABLE = YES;
				MACOSX_DEPLOYMENT_TARGET = 10.14;
				MTL_ENABLE_DEBUG_INFO = INCLUDE_SOURCE;
				MTL_FAST_MATH = YES;
				ONLY_ACTIVE_ARCH = YES;
				SDKROOT = macosx;
			};
			name = Debug;
		};
		527A10732238D43300E73607 /* Release */ = {
			isa = XCBuildConfiguration;
			buildSettings = {
				ALWAYS_SEARCH_USER_PATHS = NO;
				CLANG_ANALYZER_NONNULL = YES;
				CLANG_ANALYZER_NUMBER_OBJECT_CONVERSION = YES_AGGRESSIVE;
				CLANG_CXX_LANGUAGE_STANDARD = "gnu++14";
				CLANG_CXX_LIBRARY = "libc++";
				CLANG_ENABLE_MODULES = YES;
				CLANG_ENABLE_OBJC_ARC = YES;
				CLANG_ENABLE_OBJC_WEAK = YES;
				CLANG_WARN_BLOCK_CAPTURE_AUTORELEASING = YES;
				CLANG_WARN_BOOL_CONVERSION = YES;
				CLANG_WARN_COMMA = YES;
				CLANG_WARN_CONSTANT_CONVERSION = YES;
				CLANG_WARN_DEPRECATED_OBJC_IMPLEMENTATIONS = YES;
				CLANG_WARN_DIRECT_OBJC_ISA_USAGE = YES_ERROR;
				CLANG_WARN_DOCUMENTATION_COMMENTS = YES;
				CLANG_WARN_EMPTY_BODY = YES;
				CLANG_WARN_ENUM_CONVERSION = YES;
				CLANG_WARN_INFINITE_RECURSION = YES;
				CLANG_WARN_INT_CONVERSION = YES;
				CLANG_WARN_NON_LITERAL_NULL_CONVERSION = YES;
				CLANG_WARN_OBJC_IMPLICIT_RETAIN_SELF = YES;
				CLANG_WARN_OBJC_LITERAL_CONVERSION = YES;
				CLANG_WARN_OBJC_ROOT_CLASS = YES_ERROR;
				CLANG_WARN_RANGE_LOOP_ANALYSIS = YES;
				CLANG_WARN_STRICT_PROTOTYPES = YES;
				CLANG_WARN_SUSPICIOUS_MOVE = YES;
				CLANG_WARN_UNGUARDED_AVAILABILITY = YES_AGGRESSIVE;
				CLANG_WARN_UNREACHABLE_CODE = YES;
				CLANG_WARN__DUPLICATE_METHOD_MATCH = YES;
				CODE_SIGN_IDENTITY = "-";
				COPY_PHASE_STRIP = NO;
				DEBUG_INFORMATION_FORMAT = "dwarf-with-dsym";
				ENABLE_NS_ASSERTIONS = NO;
				ENABLE_STRICT_OBJC_MSGSEND = YES;
				GCC_C_LANGUAGE_STANDARD = gnu11;
				GCC_NO_COMMON_BLOCKS = YES;
				GCC_WARN_64_TO_32_BIT_CONVERSION = YES;
				GCC_WARN_ABOUT_RETURN_TYPE = YES_ERROR;
				GCC_WARN_UNDECLARED_SELECTOR = YES;
				GCC_WARN_UNINITIALIZED_AUTOS = YES_AGGRESSIVE;
				GCC_WARN_UNUSED_FUNCTION = YES;
				GCC_WARN_UNUSED_VARIABLE = YES;
				MACOSX_DEPLOYMENT_TARGET = 10.14;
				MTL_ENABLE_DEBUG_INFO = NO;
				MTL_FAST_MATH = YES;
				SDKROOT = macosx;
			};
			name = Release;
		};
		527A10752238D43300E73607 /* Debug */ = {
			isa = XCBuildConfiguration;
			buildSettings = {
				CODE_SIGN_STYLE = Automatic;
				PRODUCT_NAME = "$(TARGET_NAME)";
			};
			name = Debug;
		};
		527A10762238D43300E73607 /* Release */ = {
			isa = XCBuildConfiguration;
			buildSettings = {
				CODE_SIGN_STYLE = Automatic;
				PRODUCT_NAME = "$(TARGET_NAME)";
			};
			name = Release;
		};
/* End XCBuildConfiguration section */

/* Begin XCConfigurationList section */
		527A10682238D43300E73607 /* Build configuration list for PBXProject "cliStudy" */ = {
			isa = XCConfigurationList;
			buildConfigurations = (
				527A10722238D43300E73607 /* Debug */,
				527A10732238D43300E73607 /* Release */,
			);
			defaultConfigurationIsVisible = 0;
			defaultConfigurationName = Release;
		};
		527A10742238D43300E73607 /* Build configuration list for PBXNativeTarget "cliStudy" */ = {
			isa = XCConfigurationList;
			buildConfigurations = (
				527A10752238D43300E73607 /* Debug */,
				527A10762238D43300E73607 /* Release */,
			);
			defaultConfigurationIsVisible = 0;
			defaultConfigurationName = Release;
		};
/* End XCConfigurationList section */
	};
	rootObject = 527A10652238D43300E73607 /* Project object */;
}
